{
  "requires": true,
  "lockfileVersion": 1,
  "dependencies": {
    "@types/kuler": {
      "version": "2.0.0",
      "resolved": "https://registry.npmjs.org/@types/kuler/-/kuler-2.0.0.tgz",
      "integrity": "sha512-x/XMwesJ92ndjEjLsm9ijAeQJwm2vRNW599YwDnkh7QcR+4T3UNVzGaiNcNjm45k61Pd/pwnJYUFU5f8KZ+h6g==",
      "dev": true
    },
    "@types/readline-sync": {
      "version": "1.4.4",
      "resolved": "https://registry.npmjs.org/@types/readline-sync/-/readline-sync-1.4.4.tgz",
      "integrity": "sha512-cFjVIoiamX7U6zkO2VPvXyTxbFDdiRo902IarJuPVxBhpDnXhwSaVE86ip+SCuyWBbEioKCkT4C88RNTxBM1Dw==",
      "dev": true
    },
    "types-registry": {
      "version": "0.1.673",
      "resolved": "https://registry.npmjs.org/types-registry/-/types-registry-0.1.673.tgz",
      "integrity": "sha512-4rSIfxfrp3t/hYnCB79+R4xW6Xyq+oQJbRqBnPh+eSIg2w8jkQCrl4tM6VhxCAs+PuYuOWo6U1fWFGlLc/40zw=="
    }
  }
}
